
Microsoft Visual Studio Solution File, Format Version 12.00
# Visual Studio Version 17
VisualStudioVersion = 17.1.32328.378
MinimumVisualStudioVersion = 10.0.40219.1
Project("{FAE04EC0-301F-11D3-BF4B-00C04F79EFBC}") = "ClassLibrary1", "ClassLibrary1\ClassLibrary1.csproj", "{0DD38DCD-1530-45AC-B0B1-4F12051CAC96}"
EndProject
Project("{FAE04EC0-301F-11D3-BF4B-00C04F79EFBC}") = "UnitTestProject1", "UnitTestProject1\UnitTestProject1.csproj", "{061443DD-BFAA-4508-8CD3-F9DAA2E98361}"
EndProject
Global
	GlobalSection(SolutionConfigurationPlatforms) = preSolution
		Debug|Any CPU = Debug|Any CPU
		Release|Any CPU = Release|Any CPU
	EndGlobalSection
	GlobalSection(ProjectConfigurationPlatforms) = postSolution
		{0DD38DCD-1530-45AC-B0B1-4F12051CAC96}.Debug|Any CPU.ActiveCfg = Debug|Any CPU
		{0DD38DCD-1530-45AC-B0B1-4F12051CAC96}.Debug|Any CPU.Build.0 = Debug|Any CPU
		{0DD38DCD-1530-45AC-B0B1-4F12051CAC96}.Release|Any CPU.ActiveCfg = Release|Any CPU
		{0DD38DCD-1530-45AC-B0B1-4F12051CAC96}.Release|Any CPU.Build.0 = Release|Any CPU
		{061443DD-BFAA-4508-8CD3-F9DAA2E98361}.Debug|Any CPU.ActiveCfg = Debug|Any CPU
		{061443DD-BFAA-4508-8CD3-F9DAA2E98361}.Debug|Any CPU.Build.0 = Debug|Any CPU
		{061443DD-BFAA-4508-8CD3-F9DAA2E98361}.Release|Any CPU.ActiveCfg = Release|Any CPU
		{061443DD-BFAA-4508-8CD3-F9DAA2E98361}.Release|Any CPU.Build.0 = Release|Any CPU
	EndGlobalSection
	GlobalSection(SolutionProperties) = preSolution
		HideSolutionNode = FALSE
	EndGlobalSection
	GlobalSection(ExtensibilityGlobals) = postSolution
		SolutionGuid = {FE913C66-711D-4F3F-B0ED-07F5A75D4CB1}
	EndGlobalSection
EndGlobal
